
Microsoft Visual Studio Solution File, Format Version 12.00
# Visual Studio Version 17
VisualStudioVersion = 17.2.32314.265
MinimumVisualStudioVersion = 10.0.40219.1
Project("{FAE04EC0-301F-11D3-BF4B-00C04F79EFBC}") = "ConsoleApp1", "ConsoleApp1\ConsoleApp1.csproj", "{39977DB7-C372-4BD3-8AF6-55A98101EB0B}"
EndProject
Project("{F2A71F9B-5D33-465A-A702-920D77279786}") = "ClassLibrary1", "ClassLibrary1\ClassLibrary1.fsproj", "{50D52C1B-595E-4ECF-98BF-7A6E0E28336A}"
EndProject
Global
	GlobalSection(SolutionConfigurationPlatforms) = preSolution
		Debug|Any CPU = Debug|Any CPU
		Release|Any CPU = Release|Any CPU
	EndGlobalSection
	GlobalSection(ProjectConfigurationPlatforms) = postSolution
		{39977DB7-C372-4BD3-8AF6-55A98101EB0B}.Debug|Any CPU.ActiveCfg = Debug|Any CPU
		{39977DB7-C372-4BD3-8AF6-55A98101EB0B}.Debug|Any CPU.Build.0 = Debug|Any CPU
		{39977DB7-C372-4BD3-8AF6-55A98101EB0B}.Release|Any CPU.ActiveCfg = Release|Any CPU
		{39977DB7-C372-4BD3-8AF6-55A98101EB0B}.Release|Any CPU.Build.0 = Release|Any CPU
		{50D52C1B-595E-4ECF-98BF-7A6E0E28336A}.Debug|Any CPU.ActiveCfg = Debug|Any CPU
		{50D52C1B-595E-4ECF-98BF-7A6E0E28336A}.Debug|Any CPU.Build.0 = Debug|Any CPU
		{50D52C1B-595E-4ECF-98BF-7A6E0E28336A}.Release|Any CPU.ActiveCfg = Release|Any CPU
		{50D52C1B-595E-4ECF-98BF-7A6E0E28336A}.Release|Any CPU.Build.0 = Release|Any CPU
	EndGlobalSection
	GlobalSection(SolutionProperties) = preSolution
		HideSolutionNode = FALSE
	EndGlobalSection
	GlobalSection(ExtensibilityGlobals) = postSolution
		SolutionGuid = {254C2E7E-5836-4081-936E-819688E342A3}
	EndGlobalSection
EndGlobal
