
Microsoft Visual Studio Solution File, Format Version 12.00
# Visual Studio Version 17
VisualStudioVersion = 17.2.32314.265
MinimumVisualStudioVersion = 10.0.40219.1
Project("{F2A71F9B-5D33-465A-A702-920D77279786}") = "WebApplication1", "WebApplication1\WebApplication1.fsproj", "{6595F7FD-AE24-450E-8EA8-5AFB4ABBFB02}"
EndProject
Global
	GlobalSection(SolutionConfigurationPlatforms) = preSolution
		Debug|Any CPU = Debug|Any CPU
		Release|Any CPU = Release|Any CPU
	EndGlobalSection
	GlobalSection(ProjectConfigurationPlatforms) = postSolution
		{6595F7FD-AE24-450E-8EA8-5AFB4ABBFB02}.Debug|Any CPU.ActiveCfg = Debug|Any CPU
		{6595F7FD-AE24-450E-8EA8-5AFB4ABBFB02}.Debug|Any CPU.Build.0 = Debug|Any CPU
		{6595F7FD-AE24-450E-8EA8-5AFB4ABBFB02}.Release|Any CPU.ActiveCfg = Release|Any CPU
		{6595F7FD-AE24-450E-8EA8-5AFB4ABBFB02}.Release|Any CPU.Build.0 = Release|Any CPU
	EndGlobalSection
	GlobalSection(SolutionProperties) = preSolution
		HideSolutionNode = FALSE
	EndGlobalSection
	GlobalSection(ExtensibilityGlobals) = postSolution
		SolutionGuid = {0664E89F-B9D0-4C45-A16D-AFD586987CA1}
	EndGlobalSection
EndGlobal
