
Microsoft Visual Studio Solution File, Format Version 12.00
# Visual Studio Version 17
VisualStudioVersion = 17.2.32314.265
MinimumVisualStudioVersion = 10.0.40219.1
Project("{FAE04EC0-301F-11D3-BF4B-00C04F79EFBC}") = "SrtParser", "SrtParser\SrtParser.csproj", "{86A1F238-85DF-4E3E-AEDA-2F650B23C36D}"
EndProject
Global
	GlobalSection(SolutionConfigurationPlatforms) = preSolution
		Debug|Any CPU = Debug|Any CPU
		Release|Any CPU = Release|Any CPU
	EndGlobalSection
	GlobalSection(ProjectConfigurationPlatforms) = postSolution
		{86A1F238-85DF-4E3E-AEDA-2F650B23C36D}.Debug|Any CPU.ActiveCfg = Debug|Any CPU
		{86A1F238-85DF-4E3E-AEDA-2F650B23C36D}.Debug|Any CPU.Build.0 = Debug|Any CPU
		{86A1F238-85DF-4E3E-AEDA-2F650B23C36D}.Release|Any CPU.ActiveCfg = Release|Any CPU
		{86A1F238-85DF-4E3E-AEDA-2F650B23C36D}.Release|Any CPU.Build.0 = Release|Any CPU
	EndGlobalSection
	GlobalSection(SolutionProperties) = preSolution
		HideSolutionNode = FALSE
	EndGlobalSection
	GlobalSection(ExtensibilityGlobals) = postSolution
		SolutionGuid = {A4C74798-F2CC-48A0-991B-DD1F4D15AABD}
	EndGlobalSection
EndGlobal
