
Microsoft Visual Studio Solution File, Format Version 12.00
# Visual Studio Version 17
VisualStudioVersion = 17.2.32422.2
MinimumVisualStudioVersion = 10.0.40219.1
Project("{2150E333-8FDC-42A3-9474-1A3956D46DE8}") = "02", "02", "{69CE882D-C6B6-4987-9F65-52DACDD44FB0}"
EndProject
Project("{F2A71F9B-5D33-465A-A702-920D77279786}") = "Bank.CLI.Host", "02\after\Bank.CLI.Host\Bank.CLI.Host.fsproj", "{68D885A6-1484-4ABB-8EF0-A1063F6C6DF4}"
EndProject
Project("{2150E333-8FDC-42A3-9474-1A3956D46DE8}") = "after", "after", "{D7ACFB89-3EDA-4588-8770-B3D7F80222DA}"
EndProject
Project("{2150E333-8FDC-42A3-9474-1A3956D46DE8}") = "03", "03", "{A871CCCB-02E4-4066-9061-147EDDEF56AB}"
EndProject
Project("{2150E333-8FDC-42A3-9474-1A3956D46DE8}") = "after", "after", "{40107AE9-D1D2-4364-80F7-F62CB0E05681}"
EndProject
Project("{F2A71F9B-5D33-465A-A702-920D77279786}") = "Bank.CLI.m03.Host", "03\Bank.CLI.m03.Host\Bank.CLI.m03.Host.fsproj", "{376EAF12-1C2E-4E2B-BEBE-3DCF84EAE6A8}"
EndProject
Project("{2150E333-8FDC-42A3-9474-1A3956D46DE8}") = "04", "04", "{8475CD0A-6F2B-4582-8E37-5DFC8C64B9AA}"
EndProject
Project("{2150E333-8FDC-42A3-9474-1A3956D46DE8}") = "after", "after", "{03A36907-3887-4D19-8687-18B8771348BD}"
EndProject
Project("{F2A71F9B-5D33-465A-A702-920D77279786}") = "Bank.CLI.m04.Host", "04\after\Bank.CLI.m04.Host\Bank.CLI.m04.Host.fsproj", "{CF57F068-A0BE-4A58-9F18-349D3098F419}"
EndProject
Project("{2150E333-8FDC-42A3-9474-1A3956D46DE8}") = "05", "05", "{30495FDF-2E6F-4FC7-A788-D9ECB0669513}"
EndProject
Project("{2150E333-8FDC-42A3-9474-1A3956D46DE8}") = "after", "after", "{1647F8BA-A4AC-46AE-BF0E-003D718C86DE}"
EndProject
Project("{F2A71F9B-5D33-465A-A702-920D77279786}") = "Bank.CLI.m05.Host", "05\after\Bank.CLI.m05.Host\Bank.CLI.m05.Host.fsproj", "{1D01B92D-E846-49B3-9EE1-73B84A023DEF}"
EndProject
Global
	GlobalSection(SolutionConfigurationPlatforms) = preSolution
		Debug|Any CPU = Debug|Any CPU
		Release|Any CPU = Release|Any CPU
	EndGlobalSection
	GlobalSection(ProjectConfigurationPlatforms) = postSolution
		{68D885A6-1484-4ABB-8EF0-A1063F6C6DF4}.Debug|Any CPU.ActiveCfg = Debug|Any CPU
		{68D885A6-1484-4ABB-8EF0-A1063F6C6DF4}.Debug|Any CPU.Build.0 = Debug|Any CPU
		{68D885A6-1484-4ABB-8EF0-A1063F6C6DF4}.Release|Any CPU.ActiveCfg = Release|Any CPU
		{68D885A6-1484-4ABB-8EF0-A1063F6C6DF4}.Release|Any CPU.Build.0 = Release|Any CPU
		{376EAF12-1C2E-4E2B-BEBE-3DCF84EAE6A8}.Debug|Any CPU.ActiveCfg = Debug|Any CPU
		{376EAF12-1C2E-4E2B-BEBE-3DCF84EAE6A8}.Debug|Any CPU.Build.0 = Debug|Any CPU
		{376EAF12-1C2E-4E2B-BEBE-3DCF84EAE6A8}.Release|Any CPU.ActiveCfg = Release|Any CPU
		{376EAF12-1C2E-4E2B-BEBE-3DCF84EAE6A8}.Release|Any CPU.Build.0 = Release|Any CPU
		{CF57F068-A0BE-4A58-9F18-349D3098F419}.Debug|Any CPU.ActiveCfg = Debug|Any CPU
		{CF57F068-A0BE-4A58-9F18-349D3098F419}.Debug|Any CPU.Build.0 = Debug|Any CPU
		{CF57F068-A0BE-4A58-9F18-349D3098F419}.Release|Any CPU.ActiveCfg = Release|Any CPU
		{CF57F068-A0BE-4A58-9F18-349D3098F419}.Release|Any CPU.Build.0 = Release|Any CPU
		{1D01B92D-E846-49B3-9EE1-73B84A023DEF}.Debug|Any CPU.ActiveCfg = Debug|Any CPU
		{1D01B92D-E846-49B3-9EE1-73B84A023DEF}.Debug|Any CPU.Build.0 = Debug|Any CPU
		{1D01B92D-E846-49B3-9EE1-73B84A023DEF}.Release|Any CPU.ActiveCfg = Release|Any CPU
		{1D01B92D-E846-49B3-9EE1-73B84A023DEF}.Release|Any CPU.Build.0 = Release|Any CPU
	EndGlobalSection
	GlobalSection(SolutionProperties) = preSolution
		HideSolutionNode = FALSE
	EndGlobalSection
	GlobalSection(NestedProjects) = preSolution
		{68D885A6-1484-4ABB-8EF0-A1063F6C6DF4} = {D7ACFB89-3EDA-4588-8770-B3D7F80222DA}
		{D7ACFB89-3EDA-4588-8770-B3D7F80222DA} = {69CE882D-C6B6-4987-9F65-52DACDD44FB0}
		{40107AE9-D1D2-4364-80F7-F62CB0E05681} = {A871CCCB-02E4-4066-9061-147EDDEF56AB}
		{376EAF12-1C2E-4E2B-BEBE-3DCF84EAE6A8} = {40107AE9-D1D2-4364-80F7-F62CB0E05681}
		{03A36907-3887-4D19-8687-18B8771348BD} = {8475CD0A-6F2B-4582-8E37-5DFC8C64B9AA}
		{CF57F068-A0BE-4A58-9F18-349D3098F419} = {03A36907-3887-4D19-8687-18B8771348BD}
		{1647F8BA-A4AC-46AE-BF0E-003D718C86DE} = {30495FDF-2E6F-4FC7-A788-D9ECB0669513}
		{1D01B92D-E846-49B3-9EE1-73B84A023DEF} = {1647F8BA-A4AC-46AE-BF0E-003D718C86DE}
	EndGlobalSection
	GlobalSection(ExtensibilityGlobals) = postSolution
		SolutionGuid = {3F1F851E-8757-4BD2-BFB7-BE24CE99C36F}
	EndGlobalSection
EndGlobal
